
Microsoft Visual Studio Solution File, Format Version 12.00
# Visual Studio Version 17
VisualStudioVersion = 17.1.32210.238
MinimumVisualStudioVersion = 10.0.40219.1
Project("{FAE04EC0-301F-11D3-BF4B-00C04F79EFBC}") = "DotnetIDisposableMemoryLeak", "DotnetIDisposableMemoryLeak\DotnetIDisposableMemoryLeak.csproj", "{0EADAAC8-4810-41F1-9E94-D487642AB58D}"
EndProject
Global
	GlobalSection(SolutionConfigurationPlatforms) = preSolution
		Debug|Any CPU = Debug|Any CPU
		Release|Any CPU = Release|Any CPU
	EndGlobalSection
	GlobalSection(ProjectConfigurationPlatforms) = postSolution
		{0EADAAC8-4810-41F1-9E94-D487642AB58D}.Debug|Any CPU.ActiveCfg = Debug|Any CPU
		{0EADAAC8-4810-41F1-9E94-D487642AB58D}.Debug|Any CPU.Build.0 = Debug|Any CPU
		{0EADAAC8-4810-41F1-9E94-D487642AB58D}.Release|Any CPU.ActiveCfg = Release|Any CPU
		{0EADAAC8-4810-41F1-9E94-D487642AB58D}.Release|Any CPU.Build.0 = Release|Any CPU
	EndGlobalSection
	GlobalSection(SolutionProperties) = preSolution
		HideSolutionNode = FALSE
	EndGlobalSection
	GlobalSection(ExtensibilityGlobals) = postSolution
		SolutionGuid = {EF291826-40D8-49F5-AF00-11C15FF9D7CF}
	EndGlobalSection
EndGlobal
